// !$*UTF8*$!
{
	archiveVersion = 1;
	classes = {};
	objectVersion = 77;
	objects = {

/* Begin PBXBuildFile section */
		A10000000000000000000001 /* KidMoneyApp.swift in Sources */ = {isa = PBXBuildFile; fileRef = A20000000000000000000001 /* KidMoneyApp.swift */; };
		A10000000000000000000002 /* Models.swift in Sources */ = {isa = PBXBuildFile; fileRef = A20000000000000000000002 /* Models.swift */; };
		A10000000000000000000003 /* AppModelContainer.swift in Sources */ = {isa = PBXBuildFile; fileRef = A20000000000000000000003 /* AppModelContainer.swift */; };
		A10000000000000000000004 /* LedgerService.swift in Sources */ = {isa = PBXBuildFile; fileRef = A20000000000000000000004 /* LedgerService.swift */; };
		A10000000000000000000005 /* MoneyFormatter.swift in Sources */ = {isa = PBXBuildFile; fileRef = A20000000000000000000005 /* MoneyFormatter.swift */; };
		A10000000000000000000006 /* ChildListView.swift in Sources */ = {isa = PBXBuildFile; fileRef = A20000000000000000000006 /* ChildListView.swift */; };
		A10000000000000000000007 /* AddChildView.swift in Sources */ = {isa = PBXBuildFile; fileRef = A20000000000000000000007 /* AddChildView.swift */; };
		A10000000000000000000008 /* ChildDetailView.swift in Sources */ = {isa = PBXBuildFile; fileRef = A20000000000000000000008 /* ChildDetailView.swift */; };
		A10000000000000000000009 /* LedgerServiceTests.swift in Sources */ = {isa = PBXBuildFile; fileRef = A20000000000000000000009 /* LedgerServiceTests.swift */; };
/* End PBXBuildFile section */

/* Begin PBXFileReference section */
		A20000000000000000000001 /* KidMoneyApp.swift */ = {isa = PBXFileReference; lastKnownFileType = sourcecode.swift; path = KidMoneyApp.swift; sourceTree = "<group>"; };
		A20000000000000000000002 /* Models.swift */ = {isa = PBXFileReference; lastKnownFileType = sourcecode.swift; path = Models.swift; sourceTree = "<group>"; };
		A20000000000000000000003 /* AppModelContainer.swift */ = {isa = PBXFileReference; lastKnownFileType = sourcecode.swift; path = AppModelContainer.swift; sourceTree = "<group>"; };
		A20000000000000000000004 /* LedgerService.swift */ = {isa = PBXFileReference; lastKnownFileType = sourcecode.swift; path = LedgerService.swift; sourceTree = "<group>"; };
		A20000000000000000000005 /* MoneyFormatter.swift */ = {isa = PBXFileReference; lastKnownFileType = sourcecode.swift; path = MoneyFormatter.swift; sourceTree = "<group>"; };
		A20000000000000000000006 /* ChildListView.swift */ = {isa = PBXFileReference; lastKnownFileType = sourcecode.swift; path = ChildListView.swift; sourceTree = "<group>"; };
		A20000000000000000000007 /* AddChildView.swift */ = {isa = PBXFileReference; lastKnownFileType = sourcecode.swift; path = AddChildView.swift; sourceTree = "<group>"; };
		A20000000000000000000008 /* ChildDetailView.swift */ = {isa = PBXFileReference; lastKnownFileType = sourcecode.swift; path = ChildDetailView.swift; sourceTree = "<group>"; };
		A20000000000000000000009 /* LedgerServiceTests.swift */ = {isa = PBXFileReference; lastKnownFileType = sourcecode.swift; path = LedgerServiceTests.swift; sourceTree = "<group>"; };
		A20000000000000000000010 /* KidMoney.app */ = {isa = PBXFileReference; explicitFileType = wrapper.application; path = KidMoney.app; sourceTree = BUILT_PRODUCTS_DIR; };
		A20000000000000000000011 /* KidMoneyTests.xctest */ = {isa = PBXFileReference; explicitFileType = wrapper.cfbundle; path = KidMoneyTests.xctest; sourceTree = BUILT_PRODUCTS_DIR; };
/* End PBXFileReference section */

/* Begin PBXFrameworksBuildPhase section */
		A30000000000000000000001 /* Frameworks */ = {isa = PBXFrameworksBuildPhase; buildActionMask = 2147483647; files = (); runOnlyForDeploymentPostprocessing = 0; };
		A30000000000000000000002 /* Frameworks */ = {isa = PBXFrameworksBuildPhase; buildActionMask = 2147483647; files = (); runOnlyForDeploymentPostprocessing = 0; };
/* End PBXFrameworksBuildPhase section */

/* Begin PBXGroup section */
		A40000000000000000000001 = {isa = PBXGroup; children = (A40000000000000000000002 /* KidMoney */, A40000000000000000000003 /* KidMoneyTests */, A40000000000000000000004 /* Products */); sourceTree = "<group>"; };
		A40000000000000000000002 /* KidMoney */ = {isa = PBXGroup; children = (A20000000000000000000001, A20000000000000000000002, A20000000000000000000003, A20000000000000000000004, A20000000000000000000005, A20000000000000000000006, A20000000000000000000007, A20000000000000000000008); path = KidMoney; sourceTree = "<group>"; };
		A40000000000000000000003 /* KidMoneyTests */ = {isa = PBXGroup; children = (A20000000000000000000009,); path = KidMoneyTests; sourceTree = "<group>"; };
		A40000000000000000000004 /* Products */ = {isa = PBXGroup; children = (A20000000000000000000010 /* KidMoney.app */, A20000000000000000000011 /* KidMoneyTests.xctest */); name = Products; sourceTree = "<group>"; };
/* End PBXGroup section */

/* Begin PBXNativeTarget section */
		A50000000000000000000001 /* KidMoney */ = {isa = PBXNativeTarget; buildConfigurationList = A60000000000000000000001 /* Build configuration list for PBXNativeTarget "KidMoney" */; buildPhases = (A30000000000000000000001 /* Frameworks */, A70000000000000000000001 /* Sources */,); buildRules = (); dependencies = (); name = KidMoney; productName = KidMoney; productReference = A20000000000000000000010 /* KidMoney.app */; productType = "com.apple.product-type.application"; };
		A50000000000000000000002 /* KidMoneyTests */ = {isa = PBXNativeTarget; buildConfigurationList = A60000000000000000000002 /* Build configuration list for PBXNativeTarget "KidMoneyTests" */; buildPhases = (A30000000000000000000002 /* Frameworks */, A70000000000000000000002 /* Sources */,); buildRules = (); dependencies = (A80000000000000000000001 /* PBXTargetDependency */,); name = KidMoneyTests; productName = KidMoneyTests; productReference = A20000000000000000000011 /* KidMoneyTests.xctest */; productType = "com.apple.product-type.bundle.unit-test"; };
/* End PBXNativeTarget section */

/* Begin PBXProject section */
		A90000000000000000000001 /* Project object */ = {isa = PBXProject; attributes = { LastSwiftUpdateCheck = 2600; LastUpgradeCheck = 2600; TargetAttributes = { A50000000000000000000001 = { CreatedOnToolsVersion = 26.0; }; A50000000000000000000002 = { CreatedOnToolsVersion = 26.0; TestTargetID = A50000000000000000000001; }; }; }; buildConfigurationList = A60000000000000000000003 /* Build configuration list for PBXProject "KidMoney" */; compatibilityVersion = "Xcode 16.0"; developmentRegion = en; hasScannedForEncodings = 0; knownRegions = (en, Base,); mainGroup = A40000000000000000000001; productRefGroup = A40000000000000000000004 /* Products */; projectDirPath = ""; projectRoot = ""; targets = (A50000000000000000000001 /* KidMoney */, A50000000000000000000002 /* KidMoneyTests */,); };
/* End PBXProject section */

/* Begin PBXResourcesBuildPhase section */
/* End PBXResourcesBuildPhase section */

/* Begin PBXSourcesBuildPhase section */
		A70000000000000000000001 /* Sources */ = {isa = PBXSourcesBuildPhase; buildActionMask = 2147483647; files = (A10000000000000000000001, A10000000000000000000002, A10000000000000000000003, A10000000000000000000004, A10000000000000000000005, A10000000000000000000006, A10000000000000000000007, A10000000000000000000008,); runOnlyForDeploymentPostprocessing = 0; };
		A70000000000000000000002 /* Sources */ = {isa = PBXSourcesBuildPhase; buildActionMask = 2147483647; files = (A10000000000000000000009,); runOnlyForDeploymentPostprocessing = 0; };
/* End PBXSourcesBuildPhase section */

/* Begin XCBuildConfiguration section */
		B10000000000000000000001 /* Debug */ = {isa = XCBuildConfiguration; buildSettings = { CLANG_ENABLE_MODULES = YES; COPY_PHASE_STRIP = NO; DEBUG_INFORMATION_FORMAT = dwarf; ENABLE_TESTABILITY = YES; GCC_OPTIMIZATION_LEVEL = 0; ONLY_ACTIVE_ARCH = YES; SWIFT_OPTIMIZATION_LEVEL = "-Onone"; SWIFT_VERSION = 6.0; }; name = Debug; };
		B10000000000000000000002 /* Release */ = {isa = XCBuildConfiguration; buildSettings = { CLANG_ENABLE_MODULES = YES; SWIFT_VERSION = 6.0; }; name = Release; };
		B20000000000000000000001 /* Debug */ = {isa = XCBuildConfiguration; buildSettings = { ASSETCATALOG_COMPILER_APPICON_NAME = AppIcon; CODE_SIGN_STYLE = Automatic; CURRENT_PROJECT_VERSION = 1; DEVELOPMENT_TEAM = ""; ENABLE_TESTABILITY = YES; GENERATE_INFOPLIST_FILE = YES; INFOPLIST_KEY_CFBundleDisplayName = "Kid Money"; IPHONEOS_DEPLOYMENT_TARGET = 26.0; MARKETING_VERSION = 0.1; PRODUCT_BUNDLE_IDENTIFIER = com.example.KidMoney; PRODUCT_NAME = "$(TARGET_NAME)"; SDKROOT = iphoneos; SUPPORTED_PLATFORMS = "iphoneos iphonesimulator"; SWIFT_EMIT_LOC_STRINGS = YES; TARGETED_DEVICE_FAMILY = 1; }; name = Debug; };
		B20000000000000000000002 /* Release */ = {isa = XCBuildConfiguration; buildSettings = { ASSETCATALOG_COMPILER_APPICON_NAME = AppIcon; CODE_SIGN_STYLE = Automatic; CURRENT_PROJECT_VERSION = 1; DEVELOPMENT_TEAM = ""; GENERATE_INFOPLIST_FILE = YES; INFOPLIST_KEY_CFBundleDisplayName = "Kid Money"; IPHONEOS_DEPLOYMENT_TARGET = 26.0; MARKETING_VERSION = 0.1; PRODUCT_BUNDLE_IDENTIFIER = com.example.KidMoney; PRODUCT_NAME = "$(TARGET_NAME)"; SDKROOT = iphoneos; SUPPORTED_PLATFORMS = "iphoneos iphonesimulator"; SWIFT_EMIT_LOC_STRINGS = YES; TARGETED_DEVICE_FAMILY = 1; }; name = Release; };
		B30000000000000000000001 /* Debug */ = {isa = XCBuildConfiguration; buildSettings = { BUNDLE_LOADER = "$(TEST_HOST)"; GENERATE_INFOPLIST_FILE = YES; IPHONEOS_DEPLOYMENT_TARGET = 26.0; PRODUCT_BUNDLE_IDENTIFIER = com.example.KidMoneyTests; PRODUCT_NAME = "$(TARGET_NAME)"; SDKROOT = iphoneos; SWIFT_VERSION = 6.0; TARGETED_DEVICE_FAMILY = 1; TEST_HOST = "$(BUILT_PRODUCTS_DIR)/KidMoney.app/KidMoney"; }; name = Debug; };
		B30000000000000000000002 /* Release */ = {isa = XCBuildConfiguration; buildSettings = { BUNDLE_LOADER = "$(TEST_HOST)"; GENERATE_INFOPLIST_FILE = YES; IPHONEOS_DEPLOYMENT_TARGET = 26.0; PRODUCT_BUNDLE_IDENTIFIER = com.example.KidMoneyTests; PRODUCT_NAME = "$(TARGET_NAME)"; SDKROOT = iphoneos; SWIFT_VERSION = 6.0; TARGETED_DEVICE_FAMILY = 1; TEST_HOST = "$(BUILT_PRODUCTS_DIR)/KidMoney.app/KidMoney"; }; name = Release; };
/* End XCBuildConfiguration section */

/* Begin XCConfigurationList section */
		A60000000000000000000001 /* Build configuration list for PBXNativeTarget "KidMoney" */ = {isa = XCConfigurationList; buildConfigurations = (B20000000000000000000001 /* Debug */, B20000000000000000000002 /* Release */,); defaultConfigurationIsVisible = 0; defaultConfigurationName = Release; };
		A60000000000000000000002 /* Build configuration list for PBXNativeTarget "KidMoneyTests" */ = {isa = XCConfigurationList; buildConfigurations = (B30000000000000000000001 /* Debug */, B30000000000000000000002 /* Release */,); defaultConfigurationIsVisible = 0; defaultConfigurationName = Release; };
		A60000000000000000000003 /* Build configuration list for PBXProject "KidMoney" */ = {isa = XCConfigurationList; buildConfigurations = (B10000000000000000000001 /* Debug */, B10000000000000000000002 /* Release */,); defaultConfigurationIsVisible = 0; defaultConfigurationName = Release; };
/* End XCConfigurationList section */

/* Begin PBXContainerItemProxy section */
		A80000000000000000000002 /* PBXContainerItemProxy */ = {isa = PBXContainerItemProxy; containerPortal = A90000000000000000000001 /* Project object */; proxyType = 1; remoteGlobalIDString = A50000000000000000000001; remoteInfo = KidMoney; };
/* End PBXContainerItemProxy section */

/* Begin PBXTargetDependency section */
		A80000000000000000000001 /* PBXTargetDependency */ = {isa = PBXTargetDependency; target = A50000000000000000000001 /* KidMoney */; targetProxy = A80000000000000000000002 /* PBXContainerItemProxy */; };
/* End PBXTargetDependency section */
	};
	rootObject = A90000000000000000000001 /* Project object */;
}
